
Microsoft Visual Studio Solution File, Format Version 12.00
# Visual Studio Version 17
VisualStudioVersion = 17.10.35027.167
MinimumVisualStudioVersion = 10.0.40219.1
Project("{9A19103F-16F7-4668-BE54-9A1E7A4F7556}") = "TechnicalTask", "TechnicalTask\TechnicalTask.csproj", "{0A7E8950-5F05-4341-A9B3-1EBAF9832DCC}"
EndProject
Project("{FAE04EC0-301F-11D3-BF4B-00C04F79EFBC}") = "Domain", "Domain\Domain.csproj", "{77A7D0DF-3286-493D-BAEE-26E0804AC95C}"
EndProject
Project("{FAE04EC0-301F-11D3-BF4B-00C04F79EFBC}") = "Application", "Application\Application.csproj", "{D9680D0F-9D79-48C8-9077-F18B03765DB1}"
EndProject
Project("{FAE04EC0-301F-11D3-BF4B-00C04F79EFBC}") = "Infrastructure", "Infrastructure\Infrastructure.csproj", "{AE0DC5B6-C023-4540-8FBD-F56549505AD2}"
EndProject
Global
	GlobalSection(SolutionConfigurationPlatforms) = preSolution
		Debug|Any CPU = Debug|Any CPU
		Release|Any CPU = Release|Any CPU
	EndGlobalSection
	GlobalSection(ProjectConfigurationPlatforms) = postSolution
		{0A7E8950-5F05-4341-A9B3-1EBAF9832DCC}.Debug|Any CPU.ActiveCfg = Debug|Any CPU
		{0A7E8950-5F05-4341-A9B3-1EBAF9832DCC}.Debug|Any CPU.Build.0 = Debug|Any CPU
		{0A7E8950-5F05-4341-A9B3-1EBAF9832DCC}.Release|Any CPU.ActiveCfg = Release|Any CPU
		{0A7E8950-5F05-4341-A9B3-1EBAF9832DCC}.Release|Any CPU.Build.0 = Release|Any CPU
		{77A7D0DF-3286-493D-BAEE-26E0804AC95C}.Debug|Any CPU.ActiveCfg = Debug|Any CPU
		{77A7D0DF-3286-493D-BAEE-26E0804AC95C}.Debug|Any CPU.Build.0 = Debug|Any CPU
		{77A7D0DF-3286-493D-BAEE-26E0804AC95C}.Release|Any CPU.ActiveCfg = Release|Any CPU
		{77A7D0DF-3286-493D-BAEE-26E0804AC95C}.Release|Any CPU.Build.0 = Release|Any CPU
		{D9680D0F-9D79-48C8-9077-F18B03765DB1}.Debug|Any CPU.ActiveCfg = Debug|Any CPU
		{D9680D0F-9D79-48C8-9077-F18B03765DB1}.Debug|Any CPU.Build.0 = Debug|Any CPU
		{D9680D0F-9D79-48C8-9077-F18B03765DB1}.Release|Any CPU.ActiveCfg = Release|Any CPU
		{D9680D0F-9D79-48C8-9077-F18B03765DB1}.Release|Any CPU.Build.0 = Release|Any CPU
		{AE0DC5B6-C023-4540-8FBD-F56549505AD2}.Debug|Any CPU.ActiveCfg = Debug|Any CPU
		{AE0DC5B6-C023-4540-8FBD-F56549505AD2}.Debug|Any CPU.Build.0 = Debug|Any CPU
		{AE0DC5B6-C023-4540-8FBD-F56549505AD2}.Release|Any CPU.ActiveCfg = Release|Any CPU
		{AE0DC5B6-C023-4540-8FBD-F56549505AD2}.Release|Any CPU.Build.0 = Release|Any CPU
	EndGlobalSection
	GlobalSection(SolutionProperties) = preSolution
		HideSolutionNode = FALSE
	EndGlobalSection
	GlobalSection(ExtensibilityGlobals) = postSolution
		SolutionGuid = {26CE8922-187E-49F1-BA00-3B2C63A3C6AD}
	EndGlobalSection
EndGlobal
